{
    "name": "vhdl-by-vhdlwhiz",
    "version": "1.3.7",
    "lockfileVersion": 3,
    "requires": true,
    "packages": {
        "": {
            "name": "vhdl-by-vhdlwhiz",
            "version": "1.3.7",
            "license": "MIT License",
            "devDependencies": {
                "@types/node": "^16.18.3",
                "@types/vscode": "^1.80.0",
                "typescript": "^4.5.2"
            },
            "engines": {
                "vscode": "^1.80.0"
            }
        },
        "node_modules/@types/node": {
            "version": "16.18.66",
            "resolved": "https://registry.npmjs.org/@types/node/-/node-16.18.66.tgz",
            "integrity": "sha512-sePmD/imfKvC4re/Wwos1NEcXYm6O96CAG5gQVY53nmDb8ePQ4qPku6uruN7n6TJ0t5FhcoUc2+yvE2/UZVDZw==",
            "dev": true
        },
        "node_modules/@types/vscode": {
            "version": "1.84.2",
            "resolved": "https://registry.npmjs.org/@types/vscode/-/vscode-1.84.2.tgz",
            "integrity": "sha512-LCe1FvCDMJKkPdLVGYhP0HRJ1PDop2gRVm/zFHiOKwYLBRS7vEV3uOOUId4HMV+L1IxqyS+IZXMmlSMRbZGIAw==",
            "dev": true
        },
        "node_modules/typescript": {
            "version": "4.9.5",
            "resolved": "https://registry.npmjs.org/typescript/-/typescript-4.9.5.tgz",
            "integrity": "sha512-1FXk9E2Hm+QzZQ7z+McJiHL4NW1F2EzMu9Nq9i3zAaGqibafqYwCVU6WyWAuyQRRzOlxou8xZSyXLEN8oKj24g==",
            "dev": true,
            "bin": {
                "tsc": "bin/tsc",
                "tsserver": "bin/tsserver"
            },
            "engines": {
                "node": ">=4.2.0"
            }
        }
    }
}
